
Microsoft Visual Studio Solution File, Format Version 12.00
# Visual Studio Version 16
VisualStudioVersion = 16.0.29905.134
MinimumVisualStudioVersion = 10.0.40219.1
Project("{FAE04EC0-301F-11D3-BF4B-00C04F79EFBC}") = "Gmail", "Gmail\Gmail.csproj", "{671ED9FB-839F-4C67-8275-6FD5B88F1457}"
EndProject
Project("{FAE04EC0-301F-11D3-BF4B-00C04F79EFBC}") = "TollGmail", "TollGmail\TollGmail.csproj", "{AE6F3772-A8EE-4677-B01A-542EEB2FE6E8}"
EndProject
Global
	GlobalSection(SolutionConfigurationPlatforms) = preSolution
		Debug|Any CPU = Debug|Any CPU
		Release|Any CPU = Release|Any CPU
	EndGlobalSection
	GlobalSection(ProjectConfigurationPlatforms) = postSolution
		{671ED9FB-839F-4C67-8275-6FD5B88F1457}.Debug|Any CPU.ActiveCfg = Debug|Any CPU
		{671ED9FB-839F-4C67-8275-6FD5B88F1457}.Debug|Any CPU.Build.0 = Debug|Any CPU
		{671ED9FB-839F-4C67-8275-6FD5B88F1457}.Release|Any CPU.ActiveCfg = Release|Any CPU
		{671ED9FB-839F-4C67-8275-6FD5B88F1457}.Release|Any CPU.Build.0 = Release|Any CPU
		{AE6F3772-A8EE-4677-B01A-542EEB2FE6E8}.Debug|Any CPU.ActiveCfg = Debug|Any CPU
		{AE6F3772-A8EE-4677-B01A-542EEB2FE6E8}.Debug|Any CPU.Build.0 = Debug|Any CPU
		{AE6F3772-A8EE-4677-B01A-542EEB2FE6E8}.Release|Any CPU.ActiveCfg = Release|Any CPU
		{AE6F3772-A8EE-4677-B01A-542EEB2FE6E8}.Release|Any CPU.Build.0 = Release|Any CPU
	EndGlobalSection
	GlobalSection(SolutionProperties) = preSolution
		HideSolutionNode = FALSE
	EndGlobalSection
	GlobalSection(ExtensibilityGlobals) = postSolution
		SolutionGuid = {7B61BC74-8264-4603-A626-104E37534999}
	EndGlobalSection
EndGlobal
